
Microsoft Visual Studio Solution File, Format Version 12.00
# Visual Studio Version 16
VisualStudioVersion = 16.0.29806.167
MinimumVisualStudioVersion = 10.0.40219.1
Project("{FAE04EC0-301F-11D3-BF4B-00C04F79EFBC}") = "ShopApp", "ShopApp\ShopApp.csproj", "{0A64C4EF-519D-4C41-88B2-0239B62EDB9A}"
EndProject
Global
	GlobalSection(SolutionConfigurationPlatforms) = preSolution
		Debug|Any CPU = Debug|Any CPU
		Release|Any CPU = Release|Any CPU
	EndGlobalSection
	GlobalSection(ProjectConfigurationPlatforms) = postSolution
		{0A64C4EF-519D-4C41-88B2-0239B62EDB9A}.Debug|Any CPU.ActiveCfg = Debug|Any CPU
		{0A64C4EF-519D-4C41-88B2-0239B62EDB9A}.Debug|Any CPU.Build.0 = Debug|Any CPU
		{0A64C4EF-519D-4C41-88B2-0239B62EDB9A}.Release|Any CPU.ActiveCfg = Release|Any CPU
		{0A64C4EF-519D-4C41-88B2-0239B62EDB9A}.Release|Any CPU.Build.0 = Release|Any CPU
	EndGlobalSection
	GlobalSection(SolutionProperties) = preSolution
		HideSolutionNode = FALSE
	EndGlobalSection
	GlobalSection(ExtensibilityGlobals) = postSolution
		SolutionGuid = {123E375E-9D79-4F3C-989E-76486B7EAECD}
	EndGlobalSection
EndGlobal
